
Microsoft Visual Studio Solution File, Format Version 11.00
# Visual Studio 2010
Project("{FAE04EC0-301F-11D3-BF4B-00C04F79EFBC}") = "Passive", "Passive\Passive.csproj", "{E3DC3E63-FACD-42A0-B1B5-D258C4E6AEA2}"
EndProject
Project("{2150E333-8FDC-42A3-9474-1A3956D46DE8}") = "Solution Items", "Solution Items", "{26B54C9B-1239-4F6E-B2C5-F4A64993FACB}"
	ProjectSection(SolutionItems) = preProject
		LICENSE.txt = LICENSE.txt
		Passive.build = Passive.build
		Passive.nuspec = Passive.nuspec
		README.markdown = README.markdown
		release.cmd = release.cmd
	EndProjectSection
EndProject
Project("{FAE04EC0-301F-11D3-BF4B-00C04F79EFBC}") = "Passive.Test", "Passive.Test\Passive.Test.csproj", "{5294A2A3-83B0-4504-8E81-7F1CF124D1FC}"
EndProject
Global
	GlobalSection(SolutionConfigurationPlatforms) = preSolution
		Debug|Any CPU = Debug|Any CPU
		Release|Any CPU = Release|Any CPU
	EndGlobalSection
	GlobalSection(ProjectConfigurationPlatforms) = postSolution
		{E3DC3E63-FACD-42A0-B1B5-D258C4E6AEA2}.Debug|Any CPU.ActiveCfg = Debug|Any CPU
		{E3DC3E63-FACD-42A0-B1B5-D258C4E6AEA2}.Debug|Any CPU.Build.0 = Debug|Any CPU
		{E3DC3E63-FACD-42A0-B1B5-D258C4E6AEA2}.Release|Any CPU.ActiveCfg = Release|Any CPU
		{E3DC3E63-FACD-42A0-B1B5-D258C4E6AEA2}.Release|Any CPU.Build.0 = Release|Any CPU
		{5294A2A3-83B0-4504-8E81-7F1CF124D1FC}.Debug|Any CPU.ActiveCfg = Debug|Any CPU
		{5294A2A3-83B0-4504-8E81-7F1CF124D1FC}.Debug|Any CPU.Build.0 = Debug|Any CPU
		{5294A2A3-83B0-4504-8E81-7F1CF124D1FC}.Release|Any CPU.ActiveCfg = Release|Any CPU
		{5294A2A3-83B0-4504-8E81-7F1CF124D1FC}.Release|Any CPU.Build.0 = Release|Any CPU
	EndGlobalSection
	GlobalSection(SolutionProperties) = preSolution
		HideSolutionNode = FALSE
	EndGlobalSection
EndGlobal
